
Microsoft Visual Studio Solution File, Format Version 12.00
# Visual Studio 2013
VisualStudioVersion = 12.0.40629.0
MinimumVisualStudioVersion = 10.0.40219.1
Project("{8BC9CEB8-8B4A-11D0-8D11-00A0C91BC942}") = "TUtil", "TUtil\TUtil.vcxproj", "{DC4626A2-C6B5-4D2C-B905-4521E953787C}"
EndProject
Project("{8BC9CEB8-8B4A-11D0-8D11-00A0C91BC942}") = "TUtil_Test", "ConsoleApplicationTest\ConsoleApplicationTest.vcxproj", "{44ABE431-673F-4E9B-88D6-678380A9BDCA}"
	ProjectSection(ProjectDependencies) = postProject
		{DC4626A2-C6B5-4D2C-B905-4521E953787C} = {DC4626A2-C6B5-4D2C-B905-4521E953787C}
	EndProjectSection
EndProject
Global
	GlobalSection(SolutionConfigurationPlatforms) = preSolution
		Debug|Win32 = Debug|Win32
		Release|Win32 = Release|Win32
		StaticDebug|Win32 = StaticDebug|Win32
		StaticRelease|Win32 = StaticRelease|Win32
	EndGlobalSection
	GlobalSection(ProjectConfigurationPlatforms) = postSolution
		{DC4626A2-C6B5-4D2C-B905-4521E953787C}.Debug|Win32.ActiveCfg = Debug|Win32
		{DC4626A2-C6B5-4D2C-B905-4521E953787C}.Debug|Win32.Build.0 = Debug|Win32
		{DC4626A2-C6B5-4D2C-B905-4521E953787C}.Release|Win32.ActiveCfg = Release|Win32
		{DC4626A2-C6B5-4D2C-B905-4521E953787C}.Release|Win32.Build.0 = Release|Win32
		{DC4626A2-C6B5-4D2C-B905-4521E953787C}.StaticDebug|Win32.ActiveCfg = StaticDebug|Win32
		{DC4626A2-C6B5-4D2C-B905-4521E953787C}.StaticDebug|Win32.Build.0 = StaticDebug|Win32
		{DC4626A2-C6B5-4D2C-B905-4521E953787C}.StaticRelease|Win32.ActiveCfg = StaticRelease|Win32
		{DC4626A2-C6B5-4D2C-B905-4521E953787C}.StaticRelease|Win32.Build.0 = StaticRelease|Win32
		{44ABE431-673F-4E9B-88D6-678380A9BDCA}.Debug|Win32.ActiveCfg = Debug|Win32
		{44ABE431-673F-4E9B-88D6-678380A9BDCA}.Debug|Win32.Build.0 = Debug|Win32
		{44ABE431-673F-4E9B-88D6-678380A9BDCA}.Release|Win32.ActiveCfg = Release|Win32
		{44ABE431-673F-4E9B-88D6-678380A9BDCA}.Release|Win32.Build.0 = Release|Win32
		{44ABE431-673F-4E9B-88D6-678380A9BDCA}.StaticDebug|Win32.ActiveCfg = StaticDebug|Win32
		{44ABE431-673F-4E9B-88D6-678380A9BDCA}.StaticDebug|Win32.Build.0 = StaticDebug|Win32
		{44ABE431-673F-4E9B-88D6-678380A9BDCA}.StaticRelease|Win32.ActiveCfg = StaticRelease|Win32
		{44ABE431-673F-4E9B-88D6-678380A9BDCA}.StaticRelease|Win32.Build.0 = StaticRelease|Win32
	EndGlobalSection
	GlobalSection(SolutionProperties) = preSolution
		HideSolutionNode = FALSE
	EndGlobalSection
EndGlobal
