<?xml version="1.0" encoding="utf-8"?>
<Project ToolsVersion="4.0" xmlns="http://schemas.microsoft.com/developer/msbuild/2003">
  <ItemGroup>
    <ClCompile Include="stdafx.cpp">
      <Filter>Source Files</Filter>
    </ClCompile>
    <ClCompile Include="Mock_Test.h">
      <Filter>Header Files</Filter>
    </ClCompile>
    <ClCompile Include="TUtil_Test.cpp">
      <Filter>Source Files</Filter>
    </ClCompile>
  </ItemGroup>
  <ItemGroup>
    <ClInclude Include="CalcUtil_Test.h">
      <Filter>Header Files</Filter>
    </ClInclude>
    <ClInclude Include="FileUtil_Test.h">
      <Filter>Header Files</Filter>
    </ClInclude>
    <ClInclude Include="BaseEnvironment.h">
      <Filter>Header Files</Filter>
    </ClInclude>
    <ClInclude Include="Other_Test.h">
      <Filter>Header Files</Filter>
    </ClInclude>
    <ClInclude Include="stdafx.h">
      <Filter>Header Files</Filter>
    </ClInclude>
    <ClInclude Include="targetver.h">
      <Filter>Header Files</Filter>
    </ClInclude>
    <ClInclude Include="String_Test.h" />
  </ItemGroup>
  <ItemGroup>
    <Filter Include="Header Files">
      <UniqueIdentifier>{27dc1458-2ab4-4c21-8e6b-be1b7605e5d7}</UniqueIdentifier>
    </Filter>
    <Filter Include="Source Files">
      <UniqueIdentifier>{511e8ebd-0780-472c-a02c-3906163b88e9}</UniqueIdentifier>
    </Filter>
  </ItemGroup>
</Project>